
Microsoft Visual Studio Solution File, Format Version 12.00
# Visual Studio Version 17
VisualStudioVersion = 17.2.32526.322
MinimumVisualStudioVersion = 10.0.40219.1
Project("{888888A0-9F3D-457C-B088-3A5042F75D52}") = "Infinity.Lang", "Infinity.Lang\Infinity.Lang.pyproj", "{52C5F7DF-C415-4596-8717-CC596FF8C936}"
EndProject
Global
	GlobalSection(SolutionConfigurationPlatforms) = preSolution
		Debug|Any CPU = Debug|Any CPU
		Release|Any CPU = Release|Any CPU
	EndGlobalSection
	GlobalSection(ProjectConfigurationPlatforms) = postSolution
		{52C5F7DF-C415-4596-8717-CC596FF8C936}.Debug|Any CPU.ActiveCfg = Debug|Any CPU
		{52C5F7DF-C415-4596-8717-CC596FF8C936}.Release|Any CPU.ActiveCfg = Release|Any CPU
	EndGlobalSection
	GlobalSection(SolutionProperties) = preSolution
		HideSolutionNode = FALSE
	EndGlobalSection
	GlobalSection(ExtensibilityGlobals) = postSolution
		SolutionGuid = {06AD9909-7D6B-420C-9087-223C3FBCFDCA}
	EndGlobalSection
EndGlobal
